
Microsoft Visual Studio Solution File, Format Version 12.00
# Visual Studio Version 16
VisualStudioVersion = 16.0.31321.278
MinimumVisualStudioVersion = 10.0.40219.1
Project("{FAE04EC0-301F-11D3-BF4B-00C04F79EFBC}") = "fmdump", "fmdump\fmdump.csproj", "{883E6C1C-8A0F-42C6-8AF7-BB7819DE8369}"
EndProject
Project("{FAE04EC0-301F-11D3-BF4B-00C04F79EFBC}") = "fmedit", "fmedit\fmedit.csproj", "{D1B66AE7-93FC-4364-A1C7-7D31D10CD8B1}"
EndProject
Global
	GlobalSection(SolutionConfigurationPlatforms) = preSolution
		Debug|Any CPU = Debug|Any CPU
		Release|Any CPU = Release|Any CPU
	EndGlobalSection
	GlobalSection(ProjectConfigurationPlatforms) = postSolution
		{883E6C1C-8A0F-42C6-8AF7-BB7819DE8369}.Debug|Any CPU.ActiveCfg = Debug|Any CPU
		{883E6C1C-8A0F-42C6-8AF7-BB7819DE8369}.Debug|Any CPU.Build.0 = Debug|Any CPU
		{883E6C1C-8A0F-42C6-8AF7-BB7819DE8369}.Release|Any CPU.ActiveCfg = Release|Any CPU
		{883E6C1C-8A0F-42C6-8AF7-BB7819DE8369}.Release|Any CPU.Build.0 = Release|Any CPU
		{D1B66AE7-93FC-4364-A1C7-7D31D10CD8B1}.Debug|Any CPU.ActiveCfg = Debug|Any CPU
		{D1B66AE7-93FC-4364-A1C7-7D31D10CD8B1}.Debug|Any CPU.Build.0 = Debug|Any CPU
		{D1B66AE7-93FC-4364-A1C7-7D31D10CD8B1}.Release|Any CPU.ActiveCfg = Release|Any CPU
		{D1B66AE7-93FC-4364-A1C7-7D31D10CD8B1}.Release|Any CPU.Build.0 = Release|Any CPU
	EndGlobalSection
	GlobalSection(SolutionProperties) = preSolution
		HideSolutionNode = FALSE
	EndGlobalSection
	GlobalSection(ExtensibilityGlobals) = postSolution
		SolutionGuid = {72EDEDFE-5C04-43B1-8D18-648CD72FC074}
	EndGlobalSection
EndGlobal
